
Microsoft Visual Studio Solution File, Format Version 12.00
# Visual Studio 2013
VisualStudioVersion = 12.0.30110.0
MinimumVisualStudioVersion = 10.0.40219.1
Project("{FAE04EC0-301F-11D3-BF4B-00C04F79EFBC}") = "InfijoAPrefijo.Core", "InfijoAPrefijo.Core\InfijoAPrefijo.Core.csproj", "{4AF7D3DF-2344-43CF-98E7-8AE299510E40}"
EndProject
Project("{FAE04EC0-301F-11D3-BF4B-00C04F79EFBC}") = "InfijoAPrefijo.ConsoleTest", "InfijoAPrefijo.ConsoleTest\InfijoAPrefijo.ConsoleTest.csproj", "{A0E4B672-F5E7-4B28-BAAE-B184597A1A82}"
EndProject
Project("{FAE04EC0-301F-11D3-BF4B-00C04F79EFBC}") = "InfijoAPrefijo.Form", "InfijoAPrefijo.Form\InfijoAPrefijo.Form.csproj", "{7E25628C-6335-46AA-9CDD-36A2076E7956}"
EndProject
Global
	GlobalSection(SolutionConfigurationPlatforms) = preSolution
		Debug|Any CPU = Debug|Any CPU
		Release|Any CPU = Release|Any CPU
	EndGlobalSection
	GlobalSection(ProjectConfigurationPlatforms) = postSolution
		{4AF7D3DF-2344-43CF-98E7-8AE299510E40}.Debug|Any CPU.ActiveCfg = Debug|Any CPU
		{4AF7D3DF-2344-43CF-98E7-8AE299510E40}.Debug|Any CPU.Build.0 = Debug|Any CPU
		{4AF7D3DF-2344-43CF-98E7-8AE299510E40}.Release|Any CPU.ActiveCfg = Release|Any CPU
		{4AF7D3DF-2344-43CF-98E7-8AE299510E40}.Release|Any CPU.Build.0 = Release|Any CPU
		{A0E4B672-F5E7-4B28-BAAE-B184597A1A82}.Debug|Any CPU.ActiveCfg = Debug|Any CPU
		{A0E4B672-F5E7-4B28-BAAE-B184597A1A82}.Debug|Any CPU.Build.0 = Debug|Any CPU
		{A0E4B672-F5E7-4B28-BAAE-B184597A1A82}.Release|Any CPU.ActiveCfg = Release|Any CPU
		{A0E4B672-F5E7-4B28-BAAE-B184597A1A82}.Release|Any CPU.Build.0 = Release|Any CPU
		{7E25628C-6335-46AA-9CDD-36A2076E7956}.Debug|Any CPU.ActiveCfg = Debug|Any CPU
		{7E25628C-6335-46AA-9CDD-36A2076E7956}.Debug|Any CPU.Build.0 = Debug|Any CPU
		{7E25628C-6335-46AA-9CDD-36A2076E7956}.Release|Any CPU.ActiveCfg = Release|Any CPU
		{7E25628C-6335-46AA-9CDD-36A2076E7956}.Release|Any CPU.Build.0 = Release|Any CPU
	EndGlobalSection
	GlobalSection(SolutionProperties) = preSolution
		HideSolutionNode = FALSE
	EndGlobalSection
EndGlobal
